{
  "lockfileVersion": 1,
  "configVersion": 1,
  "workspaces": {
    "": {
      "name": "showeq-web-demo",
      "dependencies": {
        "@bufbuild/protobuf": "^2.2.0",
      },
      "devDependencies": {
        "@bufbuild/buf": "^1.47.0",
        "@bufbuild/protoc-gen-es": "^2.2.0",
        "@types/bun": "^1.1.0",
        "typescript": "^5.6.0",
      },
    },
  },
  "packages": {
    "@bufbuild/buf": ["@bufbuild/buf@1.68.4", "", { "optionalDependencies": { "@bufbuild/buf-darwin-arm64": "1.68.4", "@bufbuild/buf-darwin-x64": "1.68.4", "@bufbuild/buf-linux-aarch64": "1.68.4", "@bufbuild/buf-linux-armv7": "1.68.4", "@bufbuild/buf-linux-x64": "1.68.4", "@bufbuild/buf-win32-arm64": "1.68.4", "@bufbuild/buf-win32-x64": "1.68.4" }, "bin": { "buf": "bin/buf", "protoc-gen-buf-breaking": "bin/protoc-gen-buf-breaking", "protoc-gen-buf-lint": "bin/protoc-gen-buf-lint" } }, "sha512-r+QG3mlQ1h4agDwYxnPz1AdVLubgt09sRLnnlLMj0MVUOWjdV92i/20ZmSxn6+thouGlpr2A+VKPgy8NShchrA=="],

    "@bufbuild/buf-darwin-arm64": ["@bufbuild/buf-darwin-arm64@1.68.4", "", { "os": "darwin", "cpu": "arm64" }, "sha512-57VDmK/U8ysWLsydDy/UzQ4gxS8LZyBiAnq1WWk33aUCkHr1poDgAqdOSzjIlBqoe/Mx/+pbVk2/OuaiY8T6aQ=="],

    "@bufbuild/buf-darwin-x64": ["@bufbuild/buf-darwin-x64@1.68.4", "", { "os": "darwin", "cpu": "x64" }, "sha512-B552Ke9CMDOIyCZGXqSeEej2+13B1PlesZj3j9DCQml86vVEJLVNw9JIUBRE47S31h0qx/Qzptm1N898gaaXTw=="],

    "@bufbuild/buf-linux-aarch64": ["@bufbuild/buf-linux-aarch64@1.68.4", "", { "os": "linux", "cpu": "arm64" }, "sha512-bbe/EQ6vr5ytdoE/llICbp2jPzMDPnT0F0RwlE2rm1sU6crYNJQPOg+QG/NVabL8XimLooRZ1WgPEeZFyAW/hw=="],

    "@bufbuild/buf-linux-armv7": ["@bufbuild/buf-linux-armv7@1.68.4", "", { "os": "linux", "cpu": "arm" }, "sha512-Q1SHNEYYiEpz/IwIfBrdVvgd8VCQlPue6J6IzMWNPCjwhhZViQNAMXIo4Huvz0Xhrwe3shYbdEx6uj/tu49dug=="],

    "@bufbuild/buf-linux-x64": ["@bufbuild/buf-linux-x64@1.68.4", "", { "os": "linux", "cpu": "x64" }, "sha512-Bo8OaMc76+s23xDZ96LhHunBJYdwTyDOdLOvjiebMQ6MTkcPU/B+ecIwJtRj1FGh9NWWRpT/YaroTpOPVNXG/Q=="],

    "@bufbuild/buf-win32-arm64": ["@bufbuild/buf-win32-arm64@1.68.4", "", { "os": "win32", "cpu": "arm64" }, "sha512-knbrAF8maJ+7GbsZ9Wp7GuZ72SEiBv/1/0vgZSgdzPn2VytciTM7HRGlsglk9sPTX18WlKZeOY/+pkJpC/RGRQ=="],

    "@bufbuild/buf-win32-x64": ["@bufbuild/buf-win32-x64@1.68.4", "", { "os": "win32", "cpu": "x64" }, "sha512-JnUSCPNtmdSWaj9mA7ioLC2y8kpvX91FEYwxk3VrNukWtctiMTbhbS9CwbUdZuHjJSvWDLdKIS75Iyj16ufplg=="],

    "@bufbuild/protobuf": ["@bufbuild/protobuf@2.12.0", "", {}, "sha512-B/XlCaFIP8LOwzo+bz5uFzATYokcwCKQcghqnlfwSmM5eX/qTkvDBnDPs+gXtX/RyjxJ4DRikECcPJbyALA8FA=="],

    "@bufbuild/protoc-gen-es": ["@bufbuild/protoc-gen-es@2.12.0", "", { "dependencies": { "@bufbuild/protobuf": "2.12.0", "@bufbuild/protoplugin": "2.12.0" }, "bin": { "protoc-gen-es": "bin/protoc-gen-es" } }, "sha512-d9htF6jEkSwPbp9d/vSmZOBF7eeG18AvTMKmVg4I23afnrQOxL2w3WOXa9TaufMCyu24QakEUb4vux8apI5e7A=="],

    "@bufbuild/protoplugin": ["@bufbuild/protoplugin@2.12.0", "", { "dependencies": { "@bufbuild/protobuf": "2.12.0", "@typescript/vfs": "^1.6.2", "typescript": "5.4.5" } }, "sha512-ORlDITp8AFUXzIhLRoMCG+ud+D3MPKWb5HQXBoskMMnjeyEjE1H1qLonVNPyOr8lkx3xSfYUo8a0dvOZJVAzow=="],

    "@types/bun": ["@types/bun@1.3.13", "", { "dependencies": { "bun-types": "1.3.13" } }, "sha512-9fqXWk5YIHGGnUau9TEi+qdlTYDAnOj+xLCmSTwXfAIqXr2x4tytJb43E9uCvt09zJURKXwAtkoH4nLQfzeTXw=="],

    "@types/node": ["@types/node@25.6.0", "", { "dependencies": { "undici-types": "~7.19.0" } }, "sha512-+qIYRKdNYJwY3vRCZMdJbPLJAtGjQBudzZzdzwQYkEPQd+PJGixUL5QfvCLDaULoLv+RhT3LDkwEfKaAkgSmNQ=="],

    "@typescript/vfs": ["@typescript/vfs@1.6.4", "", { "dependencies": { "debug": "^4.4.3" }, "peerDependencies": { "typescript": "*" } }, "sha512-PJFXFS4ZJKiJ9Qiuix6Dz/OwEIqHD7Dme1UwZhTK11vR+5dqW2ACbdndWQexBzCx+CPuMe5WBYQWCsFyGlQLlQ=="],

    "bun-types": ["bun-types@1.3.13", "", { "dependencies": { "@types/node": "*" } }, "sha512-QXKeHLlOLqQX9LgYaHJfzdBaV21T63HhFJnvuRCcjZiaUDpbs5ED1MgxbMra71CsryN/1dAoXuJJJwIv/2drVA=="],

    "debug": ["debug@4.4.3", "", { "dependencies": { "ms": "^2.1.3" } }, "sha512-RGwwWnwQvkVfavKVt22FGLw+xYSdzARwm0ru6DhTVA3umU5hZc28V3kO4stgYryrTlLpuvgI9GiijltAjNbcqA=="],

    "ms": ["ms@2.1.3", "", {}, "sha512-6FlzubTLZG3J2a/NVCAleEhjzq5oxgHyaCU9yYXvcLsvoVaHJq/s5xXI6/XXP6tz7R9xAOtHnSO/tXtF3WRTlA=="],

    "typescript": ["typescript@5.9.3", "", { "bin": { "tsc": "bin/tsc", "tsserver": "bin/tsserver" } }, "sha512-jl1vZzPDinLr9eUt3J/t7V6FgNEw9QjvBPdysz9KfQDD41fQrC2Y4vKQdiaUpFT4bXlb1RHhLpp8wtm6M5TgSw=="],

    "undici-types": ["undici-types@7.19.2", "", {}, "sha512-qYVnV5OEm2AW8cJMCpdV20CDyaN3g0AjDlOGf1OW4iaDEx8MwdtChUp4zu4H0VP3nDRF/8RKWH+IPp9uW0YGZg=="],

    "@bufbuild/protoplugin/typescript": ["typescript@5.4.5", "", { "bin": { "tsc": "bin/tsc", "tsserver": "bin/tsserver" } }, "sha512-vcI4UpRgg81oIRUFwR0WSIHKt11nJ7SAVlYNIu+QpqeyXP+gpQJy/Z4+F0aGxSE4MqwjyXvW/TzgkLAx2AGHwQ=="],
  }
}
